
Microsoft Visual Studio Solution File, Format Version 12.00
# Visual Studio 15
VisualStudioVersion = 15.0.27428.2043
MinimumVisualStudioVersion = 10.0.40219.1
Project("{FAE04EC0-301F-11D3-BF4B-00C04F79EFBC}") = "Nacion.Test", "src\Nacion.Test\Nacion.Test.csproj", "{6E9EED4B-98A7-44E1-BCC1-64027944F266}"
EndProject
Project("{FAE04EC0-301F-11D3-BF4B-00C04F79EFBC}") = "Nacion.Core", "src\Nacion.Core\Nacion.Core.csproj", "{F6A3B1DA-1FF8-4272-A744-C5408347A260}"
EndProject
Project("{FAE04EC0-301F-11D3-BF4B-00C04F79EFBC}") = "Nacion.DataLayer", "src\Nacion.DataLayer\Nacion.DataLayer.csproj", "{713276D9-219F-4BF1-B1DF-0407A7BAFF69}"
EndProject
Project("{FAE04EC0-301F-11D3-BF4B-00C04F79EFBC}") = "Nacion.WebUI", "src\Nacion.WebUI\Nacion.WebUI.csproj", "{42681ABF-E964-4248-9246-8150D9017EB5}"
EndProject
Project("{FAE04EC0-301F-11D3-BF4B-00C04F79EFBC}") = "Nacion.Services", "src\Nacion.Services\Nacion.Services.csproj", "{B1B6AE92-A732-4C11-B28B-CEF662E97406}"
EndProject
Project("{FAE04EC0-301F-11D3-BF4B-00C04F79EFBC}") = "ExpirationEstimate", "src\EstimarFechasVencimiento\ExpirationEstimate.csproj", "{940EF408-C0BC-475C-921F-5D684675A1DA}"
EndProject
Global
	GlobalSection(SolutionConfigurationPlatforms) = preSolution
		Debug|Any CPU = Debug|Any CPU
		Release|Any CPU = Release|Any CPU
	EndGlobalSection
	GlobalSection(ProjectConfigurationPlatforms) = postSolution
		{6E9EED4B-98A7-44E1-BCC1-64027944F266}.Debug|Any CPU.ActiveCfg = Debug|Any CPU
		{6E9EED4B-98A7-44E1-BCC1-64027944F266}.Debug|Any CPU.Build.0 = Debug|Any CPU
		{6E9EED4B-98A7-44E1-BCC1-64027944F266}.Release|Any CPU.ActiveCfg = Release|Any CPU
		{6E9EED4B-98A7-44E1-BCC1-64027944F266}.Release|Any CPU.Build.0 = Release|Any CPU
		{F6A3B1DA-1FF8-4272-A744-C5408347A260}.Debug|Any CPU.ActiveCfg = Debug|Any CPU
		{F6A3B1DA-1FF8-4272-A744-C5408347A260}.Debug|Any CPU.Build.0 = Debug|Any CPU
		{F6A3B1DA-1FF8-4272-A744-C5408347A260}.Release|Any CPU.ActiveCfg = Release|Any CPU
		{F6A3B1DA-1FF8-4272-A744-C5408347A260}.Release|Any CPU.Build.0 = Release|Any CPU
		{713276D9-219F-4BF1-B1DF-0407A7BAFF69}.Debug|Any CPU.ActiveCfg = Debug|Any CPU
		{713276D9-219F-4BF1-B1DF-0407A7BAFF69}.Debug|Any CPU.Build.0 = Debug|Any CPU
		{713276D9-219F-4BF1-B1DF-0407A7BAFF69}.Release|Any CPU.ActiveCfg = Release|Any CPU
		{713276D9-219F-4BF1-B1DF-0407A7BAFF69}.Release|Any CPU.Build.0 = Release|Any CPU
		{42681ABF-E964-4248-9246-8150D9017EB5}.Debug|Any CPU.ActiveCfg = Debug|Any CPU
		{42681ABF-E964-4248-9246-8150D9017EB5}.Debug|Any CPU.Build.0 = Debug|Any CPU
		{42681ABF-E964-4248-9246-8150D9017EB5}.Release|Any CPU.ActiveCfg = Release|Any CPU
		{42681ABF-E964-4248-9246-8150D9017EB5}.Release|Any CPU.Build.0 = Release|Any CPU
		{B1B6AE92-A732-4C11-B28B-CEF662E97406}.Debug|Any CPU.ActiveCfg = Debug|Any CPU
		{B1B6AE92-A732-4C11-B28B-CEF662E97406}.Debug|Any CPU.Build.0 = Debug|Any CPU
		{B1B6AE92-A732-4C11-B28B-CEF662E97406}.Release|Any CPU.ActiveCfg = Release|Any CPU
		{B1B6AE92-A732-4C11-B28B-CEF662E97406}.Release|Any CPU.Build.0 = Release|Any CPU
		{940EF408-C0BC-475C-921F-5D684675A1DA}.Debug|Any CPU.ActiveCfg = Debug|Any CPU
		{940EF408-C0BC-475C-921F-5D684675A1DA}.Debug|Any CPU.Build.0 = Debug|Any CPU
		{940EF408-C0BC-475C-921F-5D684675A1DA}.Release|Any CPU.ActiveCfg = Release|Any CPU
		{940EF408-C0BC-475C-921F-5D684675A1DA}.Release|Any CPU.Build.0 = Release|Any CPU
	EndGlobalSection
	GlobalSection(SolutionProperties) = preSolution
		HideSolutionNode = FALSE
	EndGlobalSection
	GlobalSection(ExtensibilityGlobals) = postSolution
		SolutionGuid = {37449D53-5B21-4C7B-9737-60F5842DCF68}
	EndGlobalSection
	GlobalSection(TestCaseManagementSettings) = postSolution
		CategoryFile = Nacion.vsmdi
	EndGlobalSection
EndGlobal
